{
    "_readme": [
        "This file locks the dependencies of your project to a known state",
        "Read more about it at https://getcomposer.org/doc/01-basic-usage.md#installing-dependencies",
        "This file is @generated automatically"
    ],
    "content-hash": "3f011bdea8a6df47a361c0c6a8744baa",
    "packages": [
        {
            "name": "psr/log",
            "version": "1.1.4",
            "source": {
                "type": "git",
                "url": "https://github.com/php-fig/log.git",
                "reference": "d49695b909c3b7628b6289db5479a1c204601f11"
            },
            "dist": {
                "type": "zip",
                "url": "https://api.github.com/repos/php-fig/log/zipball/d49695b909c3b7628b6289db5479a1c204601f11",
                "reference": "d49695b909c3b7628b6289db5479a1c204601f11",
                "shasum": ""
            },
            "require": {
                "php": ">=5.3.0"
            },
            "type": "library",
            "extra": {
                "branch-alias": {
                    "dev-master": "1.1.x-dev"
                }
            },
            "autoload": {
                "psr-4": {
                    "Psr\\Log\\": "Psr/Log/"
                }
            },
            "notification-url": "https://packagist.org/downloads/",
            "license": [
                "MIT"
            ],
            "authors": [
                {
                    "name": "PHP-FIG",
                    "homepage": "https://www.php-fig.org/"
                }
            ],
            "description": "Common interface for logging libraries",
            "homepage": "https://github.com/php-fig/log",
            "keywords": [
                "log",
                "psr",
                "psr-3"
            ],
            "support": {
                "source": "https://github.com/php-fig/log/tree/1.1.4"
            },
            "time": "2021-05-03T11:20:27+00:00"
        },
        {
            "name": "sweeper/design-pattern",
            "version": "1.0.1.2",
            "source": {
                "type": "git",
                "url": "https://github.com/HypnosKiss/design-pattern.git",
                "reference": "011e031ec0c151bc040ca469e2f3f0b86ddd34ee"
            },
            "dist": {
                "type": "zip",
                "url": "https://api.github.com/repos/HypnosKiss/design-pattern/zipball/011e031ec0c151bc040ca469e2f3f0b86ddd34ee",
                "reference": "011e031ec0c151bc040ca469e2f3f0b86ddd34ee",
                "shasum": ""
            },
            "require": {
                "php": ">=7.2"
            },
            "type": "library",
            "autoload": {
                "psr-4": {
                    "Sweeper\\DesignPattern\\": "src/"
                }
            },
            "notification-url": "https://packagist.org/downloads/",
            "license": [
                "Apache-2.0"
            ],
            "authors": [
                {
                    "name": "sweeper",
                    "email": "wili.lixiang@gmail.com"
                }
            ],
            "description": "design-pattern example",
            "homepage": "https://github.com/HypnosKiss/design-pattern/",
            "keywords": [
                "design-pattern",
                "php"
            ],
            "support": {
                "issues": "https://github.com/HypnosKiss/design-pattern/issues",
                "source": "https://github.com/HypnosKiss/design-pattern/tree/1.0.1.2"
            },
            "time": "2023-09-05T04:33:31+00:00"
        }
    ],
    "packages-dev": [],
    "aliases": [],
    "minimum-stability": "dev",
    "stability-flags": [],
    "prefer-stable": false,
    "prefer-lowest": false,
    "platform": {
        "php": ">=7.2",
        "ext-json": "*"
    },
    "platform-dev": [],
    "plugin-api-version": "2.3.0"
}
